
Microsoft Visual Studio Solution File, Format Version 12.00
# Visual Studio Version 16
VisualStudioVersion = 16.0.29519.181
MinimumVisualStudioVersion = 10.0.40219.1
Project("{FAE04EC0-301F-11D3-BF4B-00C04F79EFBC}") = "LeagueCLUTest", "LeagueCLUTest.csproj", "{AAB2E16B-FEEB-4A07-8F43-E2B88C35A54D}"
EndProject
Global
	GlobalSection(SolutionConfigurationPlatforms) = preSolution
		Debug|Any CPU = Debug|Any CPU
		Release|Any CPU = Release|Any CPU
	EndGlobalSection
	GlobalSection(ProjectConfigurationPlatforms) = postSolution
		{AAB2E16B-FEEB-4A07-8F43-E2B88C35A54D}.Debug|Any CPU.ActiveCfg = Debug|Any CPU
		{AAB2E16B-FEEB-4A07-8F43-E2B88C35A54D}.Debug|Any CPU.Build.0 = Debug|Any CPU
		{AAB2E16B-FEEB-4A07-8F43-E2B88C35A54D}.Release|Any CPU.ActiveCfg = Release|Any CPU
		{AAB2E16B-FEEB-4A07-8F43-E2B88C35A54D}.Release|Any CPU.Build.0 = Release|Any CPU
	EndGlobalSection
	GlobalSection(SolutionProperties) = preSolution
		HideSolutionNode = FALSE
	EndGlobalSection
	GlobalSection(ExtensibilityGlobals) = postSolution
		SolutionGuid = {BABAFABD-C88B-45D3-B5F0-BE2F492C0CC0}
	EndGlobalSection
EndGlobal
